
Microsoft Visual Studio Solution File, Format Version 12.00
# Visual Studio Version 17
VisualStudioVersion = 17.8.34408.163
MinimumVisualStudioVersion = 10.0.40219.1
Project("{FAE04EC0-301F-11D3-BF4B-00C04F79EFBC}") = "richTextBoxDemo", "richTextBoxDemo\richTextBoxDemo.csproj", "{3ADA7994-6586-43F2-9C8B-86B98A00089D}"
EndProject
Global
	GlobalSection(SolutionConfigurationPlatforms) = preSolution
		Debug|Any CPU = Debug|Any CPU
		Release|Any CPU = Release|Any CPU
	EndGlobalSection
	GlobalSection(ProjectConfigurationPlatforms) = postSolution
		{3ADA7994-6586-43F2-9C8B-86B98A00089D}.Debug|Any CPU.ActiveCfg = Debug|Any CPU
		{3ADA7994-6586-43F2-9C8B-86B98A00089D}.Debug|Any CPU.Build.0 = Debug|Any CPU
		{3ADA7994-6586-43F2-9C8B-86B98A00089D}.Release|Any CPU.ActiveCfg = Release|Any CPU
		{3ADA7994-6586-43F2-9C8B-86B98A00089D}.Release|Any CPU.Build.0 = Release|Any CPU
	EndGlobalSection
	GlobalSection(SolutionProperties) = preSolution
		HideSolutionNode = FALSE
	EndGlobalSection
	GlobalSection(ExtensibilityGlobals) = postSolution
		SolutionGuid = {9234B2A2-77FF-4335-B5BA-DE8E5B53E58C}
	EndGlobalSection
EndGlobal
